
Microsoft Visual Studio Solution File, Format Version 12.00
# Visual Studio Version 16
VisualStudioVersion = 16.0.30621.155
MinimumVisualStudioVersion = 10.0.40219.1
Project("{FAE04EC0-301F-11D3-BF4B-00C04F79EFBC}") = "GAZ.CS.2022.lab1.ex1", "GAZ.CS.2022.lab1.ex1.csproj", "{891C630A-E56A-4F97-839E-DE64C2A589D6}"
EndProject
Global
	GlobalSection(SolutionConfigurationPlatforms) = preSolution
		Debug|Any CPU = Debug|Any CPU
		Release|Any CPU = Release|Any CPU
	EndGlobalSection
	GlobalSection(ProjectConfigurationPlatforms) = postSolution
		{891C630A-E56A-4F97-839E-DE64C2A589D6}.Debug|Any CPU.ActiveCfg = Debug|Any CPU
		{891C630A-E56A-4F97-839E-DE64C2A589D6}.Debug|Any CPU.Build.0 = Debug|Any CPU
		{891C630A-E56A-4F97-839E-DE64C2A589D6}.Release|Any CPU.ActiveCfg = Release|Any CPU
		{891C630A-E56A-4F97-839E-DE64C2A589D6}.Release|Any CPU.Build.0 = Release|Any CPU
	EndGlobalSection
	GlobalSection(SolutionProperties) = preSolution
		HideSolutionNode = FALSE
	EndGlobalSection
	GlobalSection(ExtensibilityGlobals) = postSolution
		SolutionGuid = {22DBEAF5-8D51-4A3C-A363-7088E3D2A606}
	EndGlobalSection
EndGlobal
