
Microsoft Visual Studio Solution File, Format Version 12.00
# Visual Studio Version 16
VisualStudioVersion = 16.0.30621.155
MinimumVisualStudioVersion = 10.0.40219.1
Project("{FAE04EC0-301F-11D3-BF4B-00C04F79EFBC}") = "GAZ.CS.2022.lab2.ex1", "GAZ.CS.2022.lab2.ex1.csproj", "{A3FFC0BD-513C-4399-A53F-D702E11BA36B}"
EndProject
Global
	GlobalSection(SolutionConfigurationPlatforms) = preSolution
		Debug|Any CPU = Debug|Any CPU
		Release|Any CPU = Release|Any CPU
	EndGlobalSection
	GlobalSection(ProjectConfigurationPlatforms) = postSolution
		{A3FFC0BD-513C-4399-A53F-D702E11BA36B}.Debug|Any CPU.ActiveCfg = Debug|Any CPU
		{A3FFC0BD-513C-4399-A53F-D702E11BA36B}.Debug|Any CPU.Build.0 = Debug|Any CPU
		{A3FFC0BD-513C-4399-A53F-D702E11BA36B}.Release|Any CPU.ActiveCfg = Release|Any CPU
		{A3FFC0BD-513C-4399-A53F-D702E11BA36B}.Release|Any CPU.Build.0 = Release|Any CPU
	EndGlobalSection
	GlobalSection(SolutionProperties) = preSolution
		HideSolutionNode = FALSE
	EndGlobalSection
	GlobalSection(ExtensibilityGlobals) = postSolution
		SolutionGuid = {0BD10CC5-560E-4B93-A39F-33D1A8E369B4}
	EndGlobalSection
EndGlobal
